
Microsoft Visual Studio Solution File, Format Version 12.00
# Visual Studio Version 17
VisualStudioVersion = 17.0.31903.59
MinimumVisualStudioVersion = 10.0.40219.1
Project("{FAE04EC0-301F-11D3-BF4B-00C04F79EFBC}") = "minimal-api", "Api\minimal-api.csproj", "{378B3C69-C594-4235-9AFB-8C266D52B362}"
EndProject
Project("{FAE04EC0-301F-11D3-BF4B-00C04F79EFBC}") = "Test", "Test\Test.csproj", "{8753F5BB-EA4D-4C13-819E-D190604D990A}"
EndProject
Global
	GlobalSection(SolutionConfigurationPlatforms) = preSolution
		Debug|Any CPU = Debug|Any CPU
		Release|Any CPU = Release|Any CPU
	EndGlobalSection
	GlobalSection(SolutionProperties) = preSolution
		HideSolutionNode = FALSE
	EndGlobalSection
	GlobalSection(ProjectConfigurationPlatforms) = postSolution
		{378B3C69-C594-4235-9AFB-8C266D52B362}.Debug|Any CPU.ActiveCfg = Debug|Any CPU
		{378B3C69-C594-4235-9AFB-8C266D52B362}.Debug|Any CPU.Build.0 = Debug|Any CPU
		{378B3C69-C594-4235-9AFB-8C266D52B362}.Release|Any CPU.ActiveCfg = Release|Any CPU
		{378B3C69-C594-4235-9AFB-8C266D52B362}.Release|Any CPU.Build.0 = Release|Any CPU
		{8753F5BB-EA4D-4C13-819E-D190604D990A}.Debug|Any CPU.ActiveCfg = Debug|Any CPU
		{8753F5BB-EA4D-4C13-819E-D190604D990A}.Debug|Any CPU.Build.0 = Debug|Any CPU
		{8753F5BB-EA4D-4C13-819E-D190604D990A}.Release|Any CPU.ActiveCfg = Release|Any CPU
		{8753F5BB-EA4D-4C13-819E-D190604D990A}.Release|Any CPU.Build.0 = Release|Any CPU
	EndGlobalSection
EndGlobal
